
Microsoft Visual Studio Solution File, Format Version 12.00
# Visual Studio Version 17
VisualStudioVersion = 17.4.33205.214
MinimumVisualStudioVersion = 10.0.40219.1
Project("{9A19103F-16F7-4668-BE54-9A1E7A4F7556}") = "Scintilla.NET.EtoForms.GTK", "Linux\Scintilla.NET.EtoForms.GTK\Scintilla.NET.EtoForms.GTK.csproj", "{608ADCE9-3204-40C7-BFDD-314975DFABE1}"
EndProject
Global
	GlobalSection(SolutionConfigurationPlatforms) = preSolution
		Debug|Any CPU = Debug|Any CPU
		Release|Any CPU = Release|Any CPU
	EndGlobalSection
	GlobalSection(ProjectConfigurationPlatforms) = postSolution
		{608ADCE9-3204-40C7-BFDD-314975DFABE1}.Debug|Any CPU.ActiveCfg = Debug|Any CPU
		{608ADCE9-3204-40C7-BFDD-314975DFABE1}.Debug|Any CPU.Build.0 = Debug|Any CPU
		{608ADCE9-3204-40C7-BFDD-314975DFABE1}.Release|Any CPU.ActiveCfg = Release|Any CPU
		{608ADCE9-3204-40C7-BFDD-314975DFABE1}.Release|Any CPU.Build.0 = Release|Any CPU
	EndGlobalSection
	GlobalSection(SolutionProperties) = preSolution
		HideSolutionNode = FALSE
	EndGlobalSection
	GlobalSection(ExtensibilityGlobals) = postSolution
		SolutionGuid = {043141D9-ADD2-4834-A2F7-60174265F857}
	EndGlobalSection
EndGlobal
