
Microsoft Visual Studio Solution File, Format Version 12.00
# Visual Studio Version 17
VisualStudioVersion = 17.4.33205.214
MinimumVisualStudioVersion = 10.0.40219.1
Project("{9A19103F-16F7-4668-BE54-9A1E7A4F7556}") = "Scintilla.NET.EtoForms.WinForms", "Windows\Scintilla.NET.EtoForms.WinForms\Scintilla.NET.EtoForms.WinForms.csproj", "{A8E0FB30-33EF-41B6-B9B4-801C669155C7}"
EndProject
Project("{9A19103F-16F7-4668-BE54-9A1E7A4F7556}") = "Scintilla.NET.EtoForms.Wpf", "Windows\Scintilla.NET.EtoForms.Wpf\Scintilla.NET.EtoForms.Wpf.csproj", "{060F97AE-7AB9-4557-A1AE-6AD38112C6D2}"
EndProject
Project("{9A19103F-16F7-4668-BE54-9A1E7A4F7556}") = "Scintilla.NET.EtoForms.Shared", "Shared\Scintilla.NET.EtoForms.Shared\Scintilla.NET.EtoForms.Shared.csproj", "{1FEE2C2A-C19B-4486-B823-5CC6BD8FCCE1}"
EndProject
Project("{9A19103F-16F7-4668-BE54-9A1E7A4F7556}") = "Scintilla.NET.Eto", "Scintilla.NET.Eto\Scintilla.NET.Eto.csproj", "{2D571E2A-78DF-471D-8B06-C9ED6F881FE2}"
EndProject
Project("{9A19103F-16F7-4668-BE54-9A1E7A4F7556}") = "TestApplication", "TestApplication\TestApplication.csproj", "{5EEED95E-E2DC-4A2A-AB9E-F261316104CC}"
EndProject
Project("{9A19103F-16F7-4668-BE54-9A1E7A4F7556}") = "Scintilla.NET.EtoForms.GTK", "Linux\Scintilla.NET.EtoForms.GTK\Scintilla.NET.EtoForms.GTK.csproj", "{DFE93268-D701-4089-9B13-3E98561335A8}"
EndProject
Global
	GlobalSection(SolutionConfigurationPlatforms) = preSolution
		Debug|Any CPU = Debug|Any CPU
		Release|Any CPU = Release|Any CPU
	EndGlobalSection
	GlobalSection(ProjectConfigurationPlatforms) = postSolution
		{A8E0FB30-33EF-41B6-B9B4-801C669155C7}.Debug|Any CPU.ActiveCfg = Debug|Any CPU
		{A8E0FB30-33EF-41B6-B9B4-801C669155C7}.Debug|Any CPU.Build.0 = Debug|Any CPU
		{A8E0FB30-33EF-41B6-B9B4-801C669155C7}.Release|Any CPU.ActiveCfg = Release|Any CPU
		{A8E0FB30-33EF-41B6-B9B4-801C669155C7}.Release|Any CPU.Build.0 = Release|Any CPU
		{060F97AE-7AB9-4557-A1AE-6AD38112C6D2}.Debug|Any CPU.ActiveCfg = Debug|Any CPU
		{060F97AE-7AB9-4557-A1AE-6AD38112C6D2}.Debug|Any CPU.Build.0 = Debug|Any CPU
		{060F97AE-7AB9-4557-A1AE-6AD38112C6D2}.Release|Any CPU.ActiveCfg = Release|Any CPU
		{060F97AE-7AB9-4557-A1AE-6AD38112C6D2}.Release|Any CPU.Build.0 = Release|Any CPU
		{1FEE2C2A-C19B-4486-B823-5CC6BD8FCCE1}.Debug|Any CPU.ActiveCfg = Debug|Any CPU
		{1FEE2C2A-C19B-4486-B823-5CC6BD8FCCE1}.Debug|Any CPU.Build.0 = Debug|Any CPU
		{1FEE2C2A-C19B-4486-B823-5CC6BD8FCCE1}.Release|Any CPU.ActiveCfg = Release|Any CPU
		{1FEE2C2A-C19B-4486-B823-5CC6BD8FCCE1}.Release|Any CPU.Build.0 = Release|Any CPU
		{2D571E2A-78DF-471D-8B06-C9ED6F881FE2}.Debug|Any CPU.ActiveCfg = Debug|Any CPU
		{2D571E2A-78DF-471D-8B06-C9ED6F881FE2}.Debug|Any CPU.Build.0 = Debug|Any CPU
		{2D571E2A-78DF-471D-8B06-C9ED6F881FE2}.Release|Any CPU.ActiveCfg = Release|Any CPU
		{2D571E2A-78DF-471D-8B06-C9ED6F881FE2}.Release|Any CPU.Build.0 = Release|Any CPU
		{5EEED95E-E2DC-4A2A-AB9E-F261316104CC}.Debug|Any CPU.ActiveCfg = Debug|Any CPU
		{5EEED95E-E2DC-4A2A-AB9E-F261316104CC}.Debug|Any CPU.Build.0 = Debug|Any CPU
		{5EEED95E-E2DC-4A2A-AB9E-F261316104CC}.Release|Any CPU.ActiveCfg = Release|Any CPU
		{5EEED95E-E2DC-4A2A-AB9E-F261316104CC}.Release|Any CPU.Build.0 = Release|Any CPU
		{DFE93268-D701-4089-9B13-3E98561335A8}.Debug|Any CPU.ActiveCfg = Debug|Any CPU
		{DFE93268-D701-4089-9B13-3E98561335A8}.Debug|Any CPU.Build.0 = Debug|Any CPU
		{DFE93268-D701-4089-9B13-3E98561335A8}.Release|Any CPU.ActiveCfg = Release|Any CPU
		{DFE93268-D701-4089-9B13-3E98561335A8}.Release|Any CPU.Build.0 = Release|Any CPU
	EndGlobalSection
	GlobalSection(SolutionProperties) = preSolution
		HideSolutionNode = FALSE
	EndGlobalSection
	GlobalSection(ExtensibilityGlobals) = postSolution
		SolutionGuid = {6C1CBAF0-BA88-441C-BE9D-918BD5B59692}
	EndGlobalSection
EndGlobal
