
Microsoft Visual Studio Solution File, Format Version 12.00
# Visual Studio Version 17
VisualStudioVersion = 17.4.33205.214
MinimumVisualStudioVersion = 10.0.40219.1
Project("{9A19103F-16F7-4668-BE54-9A1E7A4F7556}") = "Scintilla.NET.EtoForms.Shared", "Shared\Scintilla.NET.EtoForms.Shared\Scintilla.NET.EtoForms.Shared.csproj", "{D482D899-CCF9-4C7C-AE7E-ED8992B83C96}"
EndProject
Global
	GlobalSection(SolutionConfigurationPlatforms) = preSolution
		Debug|Any CPU = Debug|Any CPU
		Release|Any CPU = Release|Any CPU
	EndGlobalSection
	GlobalSection(ProjectConfigurationPlatforms) = postSolution
		{D482D899-CCF9-4C7C-AE7E-ED8992B83C96}.Debug|Any CPU.ActiveCfg = Debug|Any CPU
		{D482D899-CCF9-4C7C-AE7E-ED8992B83C96}.Debug|Any CPU.Build.0 = Debug|Any CPU
		{D482D899-CCF9-4C7C-AE7E-ED8992B83C96}.Release|Any CPU.ActiveCfg = Release|Any CPU
		{D482D899-CCF9-4C7C-AE7E-ED8992B83C96}.Release|Any CPU.Build.0 = Release|Any CPU
	EndGlobalSection
	GlobalSection(SolutionProperties) = preSolution
		HideSolutionNode = FALSE
	EndGlobalSection
	GlobalSection(ExtensibilityGlobals) = postSolution
		SolutionGuid = {E9D96227-703B-498E-935C-15474453A66C}
	EndGlobalSection
EndGlobal
